
Microsoft Visual Studio Solution File, Format Version 12.00
# Visual Studio 15
VisualStudioVersion = 15.0.28307.852
MinimumVisualStudioVersion = 10.0.40219.1
Project("{8BC9CEB8-8B4A-11D0-8D11-00A0C91BC942}") = "addressbook", "addressbook\addressbook.vcxproj", "{C5E267D6-F37A-4C70-A84E-934B32AC3C64}"
EndProject
Global
	GlobalSection(SolutionConfigurationPlatforms) = preSolution
		Debug|x64 = Debug|x64
		Debug|x86 = Debug|x86
		Release|x64 = Release|x64
		Release|x86 = Release|x86
	EndGlobalSection
	GlobalSection(ProjectConfigurationPlatforms) = postSolution
		{C5E267D6-F37A-4C70-A84E-934B32AC3C64}.Debug|x64.ActiveCfg = Debug|x64
		{C5E267D6-F37A-4C70-A84E-934B32AC3C64}.Debug|x64.Build.0 = Debug|x64
		{C5E267D6-F37A-4C70-A84E-934B32AC3C64}.Debug|x86.ActiveCfg = Debug|Win32
		{C5E267D6-F37A-4C70-A84E-934B32AC3C64}.Debug|x86.Build.0 = Debug|Win32
		{C5E267D6-F37A-4C70-A84E-934B32AC3C64}.Release|x64.ActiveCfg = Release|x64
		{C5E267D6-F37A-4C70-A84E-934B32AC3C64}.Release|x64.Build.0 = Release|x64
		{C5E267D6-F37A-4C70-A84E-934B32AC3C64}.Release|x86.ActiveCfg = Release|Win32
		{C5E267D6-F37A-4C70-A84E-934B32AC3C64}.Release|x86.Build.0 = Release|Win32
	EndGlobalSection
	GlobalSection(SolutionProperties) = preSolution
		HideSolutionNode = FALSE
	EndGlobalSection
	GlobalSection(ExtensibilityGlobals) = postSolution
		SolutionGuid = {2B4340F2-908D-4B41-9AE6-CAD37E121FBC}
	EndGlobalSection
EndGlobal
